
Microsoft Visual Studio Solution File, Format Version 12.00
# Visual Studio Version 16
VisualStudioVersion = 16.0.29409.12
MinimumVisualStudioVersion = 10.0.40219.1
Project("{9A19103F-16F7-4668-BE54-9A1E7A4F7556}") = "Entrega2-IEI", "Entrega2-IEI\Entrega2-IEI.csproj", "{DD20D01D-FB8C-4805-82AC-98216844180A}"
EndProject
Project("{9A19103F-16F7-4668-BE54-9A1E7A4F7556}") = "Entrega2-IEI.Library", "Entrega2-IEI.Library\Entrega2-IEI.Library.csproj", "{75CCC10E-13D5-42D2-9B74-C1405A5E07E3}"
EndProject
Project("{FAE04EC0-301F-11D3-BF4B-00C04F79EFBC}") = "Entrega2-IEI.Test", "Entrega2-IEI.Test\Entrega2-IEI.Test.csproj", "{69C3D336-AA01-47E7-BB3A-B0629ACDE418}"
EndProject
Global
	GlobalSection(SolutionConfigurationPlatforms) = preSolution
		Debug|Any CPU = Debug|Any CPU
		Release|Any CPU = Release|Any CPU
	EndGlobalSection
	GlobalSection(ProjectConfigurationPlatforms) = postSolution
		{DD20D01D-FB8C-4805-82AC-98216844180A}.Debug|Any CPU.ActiveCfg = Debug|Any CPU
		{DD20D01D-FB8C-4805-82AC-98216844180A}.Debug|Any CPU.Build.0 = Debug|Any CPU
		{DD20D01D-FB8C-4805-82AC-98216844180A}.Release|Any CPU.ActiveCfg = Release|Any CPU
		{DD20D01D-FB8C-4805-82AC-98216844180A}.Release|Any CPU.Build.0 = Release|Any CPU
		{75CCC10E-13D5-42D2-9B74-C1405A5E07E3}.Debug|Any CPU.ActiveCfg = Debug|Any CPU
		{75CCC10E-13D5-42D2-9B74-C1405A5E07E3}.Debug|Any CPU.Build.0 = Debug|Any CPU
		{75CCC10E-13D5-42D2-9B74-C1405A5E07E3}.Release|Any CPU.ActiveCfg = Release|Any CPU
		{75CCC10E-13D5-42D2-9B74-C1405A5E07E3}.Release|Any CPU.Build.0 = Release|Any CPU
		{69C3D336-AA01-47E7-BB3A-B0629ACDE418}.Debug|Any CPU.ActiveCfg = Debug|Any CPU
		{69C3D336-AA01-47E7-BB3A-B0629ACDE418}.Debug|Any CPU.Build.0 = Debug|Any CPU
		{69C3D336-AA01-47E7-BB3A-B0629ACDE418}.Release|Any CPU.ActiveCfg = Release|Any CPU
		{69C3D336-AA01-47E7-BB3A-B0629ACDE418}.Release|Any CPU.Build.0 = Release|Any CPU
	EndGlobalSection
	GlobalSection(SolutionProperties) = preSolution
		HideSolutionNode = FALSE
	EndGlobalSection
	GlobalSection(ExtensibilityGlobals) = postSolution
		SolutionGuid = {080C5013-12E7-4AE7-80FC-A39D55846817}
	EndGlobalSection
EndGlobal
